Microsoft Visual Studio Solution File, Format Version 12.00
# Visual Studio Version 17
VisualStudioVersion = 17.5.2.0
MinimumVisualStudioVersion = 10.0.40219.1
Project("{FAE04EC0-301F-11D3-BF4B-00C04F79EFBC}") = "day3-csharp", "day3-csharp.csproj", "{5D8BE616-FD7C-61CC-DB88-CD02193DC696}"
EndProject
Global
	GlobalSection(SolutionConfigurationPlatforms) = preSolution
		Debug|Any CPU = Debug|Any CPU
		Release|Any CPU = Release|Any CPU
	EndGlobalSection
	GlobalSection(ProjectConfigurationPlatforms) = postSolution
		{5D8BE616-FD7C-61CC-DB88-CD02193DC696}.Debug|Any CPU.ActiveCfg = Debug|Any CPU
		{5D8BE616-FD7C-61CC-DB88-CD02193DC696}.Debug|Any CPU.Build.0 = Debug|Any CPU
		{5D8BE616-FD7C-61CC-DB88-CD02193DC696}.Release|Any CPU.ActiveCfg = Release|Any CPU
		{5D8BE616-FD7C-61CC-DB88-CD02193DC696}.Release|Any CPU.Build.0 = Release|Any CPU
	EndGlobalSection
	GlobalSection(SolutionProperties) = preSolution
		HideSolutionNode = FALSE
	EndGlobalSection
	GlobalSection(ExtensibilityGlobals) = postSolution
		SolutionGuid = {02FC177B-1D81-4760-B8D7-7AD891107DD7}
	EndGlobalSection
EndGlobal
