
Microsoft Visual Studio Solution File, Format Version 12.00
# Visual Studio Version 17
VisualStudioVersion = 17.5.002.0
MinimumVisualStudioVersion = 10.0.40219.1
Project("{9A19103F-16F7-4668-BE54-9A1E7A4F7556}") = "day10-csharp", "day10-csharp.csproj", "{5B8BF5EC-9587-489B-AD49-5930A443F3AA}"
EndProject
Global
	GlobalSection(SolutionConfigurationPlatforms) = preSolution
		Debug|Any CPU = Debug|Any CPU
		Release|Any CPU = Release|Any CPU
	EndGlobalSection
	GlobalSection(ProjectConfigurationPlatforms) = postSolution
		{5B8BF5EC-9587-489B-AD49-5930A443F3AA}.Debug|Any CPU.ActiveCfg = Debug|Any CPU
		{5B8BF5EC-9587-489B-AD49-5930A443F3AA}.Debug|Any CPU.Build.0 = Debug|Any CPU
		{5B8BF5EC-9587-489B-AD49-5930A443F3AA}.Release|Any CPU.ActiveCfg = Release|Any CPU
		{5B8BF5EC-9587-489B-AD49-5930A443F3AA}.Release|Any CPU.Build.0 = Release|Any CPU
	EndGlobalSection
	GlobalSection(SolutionProperties) = preSolution
		HideSolutionNode = FALSE
	EndGlobalSection
	GlobalSection(ExtensibilityGlobals) = postSolution
		SolutionGuid = {F0AE969C-96F7-44FF-80EB-1F4B3ADEC635}
	EndGlobalSection
EndGlobal
